// !$*UTF8*$!
{
	archiveVersion = 1;
	classes = {
	};
	objectVersion = 77;
	objects = {

/* Begin PBXBuildFile section */
		30B6E9F92FD9A6FA006837A3 /* AppDelegate.swift in Sources */ = {isa = PBXBuildFile; fileRef = 30B6E9EF2FD9A6FA006837A3 /* AppDelegate.swift */; };
		30B6E9FA2FD9A6FA006837A3 /* SceneDelegate.swift in Sources */ = {isa = PBXBuildFile; fileRef = 30B6E9F62FD9A6FA006837A3 /* SceneDelegate.swift */; };
		30B6E9FB2FD9A6FA006837A3 /* ViewController.swift in Sources */ = {isa = PBXBuildFile; fileRef = 30B6E9F72FD9A6FA006837A3 /* ViewController.swift */; };
		30B6E9FC2FD9A6FA006837A3 /* Assets.xcassets in Resources */ = {isa = PBXBuildFile; fileRef = 30B6E9F02FD9A6FA006837A3 /* Assets.xcassets */; };
		30B6E9FE2FD9A6FA006837A3 /* LaunchScreen.storyboard in Resources */ = {isa = PBXBuildFile; fileRef = 30B6E9F32FD9A6FA006837A3 /* LaunchScreen.storyboard */; };
		30B6E9FF2FD9A6FA006837A3 /* Main.storyboard in Resources */ = {isa = PBXBuildFile; fileRef = 30B6E9F52FD9A6FA006837A3 /* Main.storyboard */; };
		30B6EA022FD9A717006837A3 /* Mappedin in Frameworks */ = {isa = PBXBuildFile; productRef = 30B6EA012FD9A717006837A3 /* Mappedin */; };
		30B6EA3E2FDAC314006837A3 /* RouteItem.swift in Sources */ = {isa = PBXBuildFile; fileRef = 30B6EA3D2FDAC314006837A3 /* RouteItem.swift */; };
/* End PBXBuildFile section */

/* Begin PBXFileReference section */
		30B6E9D72FD9A6E6006837A3 /* MappedInDemoApp.app */ = {isa = PBXFileReference; explicitFileType = wrapper.application; includeInIndex = 0; path = MappedInDemoApp.app; sourceTree = BUILT_PRODUCTS_DIR; };
		30B6E9EF2FD9A6FA006837A3 /* AppDelegate.swift */ = {isa = PBXFileReference; lastKnownFileType = sourcecode.swift; path = AppDelegate.swift; sourceTree = "<group>"; };
		30B6E9F02FD9A6FA006837A3 /* Assets.xcassets */ = {isa = PBXFileReference; lastKnownFileType = folder.assetcatalog; path = Assets.xcassets; sourceTree = "<group>"; };
		30B6E9F12FD9A6FA006837A3 /* Info.plist */ = {isa = PBXFileReference; lastKnownFileType = text.plist.xml; path = Info.plist; sourceTree = "<group>"; };
		30B6E9F22FD9A6FA006837A3 /* Base */ = {isa = PBXFileReference; lastKnownFileType = file.storyboard; name = Base; path = Base.lproj/LaunchScreen.storyboard; sourceTree = "<group>"; };
		30B6E9F42FD9A6FA006837A3 /* Base */ = {isa = PBXFileReference; lastKnownFileType = file.storyboard; name = Base; path = Base.lproj/Main.storyboard; sourceTree = "<group>"; };
		30B6E9F62FD9A6FA006837A3 /* SceneDelegate.swift */ = {isa = PBXFileReference; lastKnownFileType = sourcecode.swift; path = SceneDelegate.swift; sourceTree = "<group>"; };
		30B6E9F72FD9A6FA006837A3 /* ViewController.swift */ = {isa = PBXFileReference; lastKnownFileType = sourcecode.swift; path = ViewController.swift; sourceTree = "<group>"; };
		30B6EA3D2FDAC314006837A3 /* RouteItem.swift */ = {isa = PBXFileReference; lastKnownFileType = sourcecode.swift; path = RouteItem.swift; sourceTree = "<group>"; };
/* End PBXFileReference section */

/* Begin PBXFrameworksBuildPhase section */
		30B6E9D42FD9A6E6006837A3 /* Frameworks */ = {
			isa = PBXFrameworksBuildPhase;
			buildActionMask = 2147483647;
			files = (
				30B6EA022FD9A717006837A3 /* Mappedin in Frameworks */,
			);
			runOnlyForDeploymentPostprocessing = 0;
		};
/* End PBXFrameworksBuildPhase section */

/* Begin PBXGroup section */
		30B6E9CE2FD9A6E6006837A3 = {
			isa = PBXGroup;
			children = (
				30B6E9F82FD9A6FA006837A3 /* MappedInDemoApp */,
				30B6E9D82FD9A6E6006837A3 /* Products */,
			);
			sourceTree = "<group>";
		};
		30B6E9D82FD9A6E6006837A3 /* Products */ = {
			isa = PBXGroup;
			children = (
				30B6E9D72FD9A6E6006837A3 /* MappedInDemoApp.app */,
			);
			name = Products;
			sourceTree = "<group>";
		};
		30B6E9F82FD9A6FA006837A3 /* MappedInDemoApp */ = {
			isa = PBXGroup;
			children = (
				30B6E9EF2FD9A6FA006837A3 /* AppDelegate.swift */,
				30B6E9F62FD9A6FA006837A3 /* SceneDelegate.swift */,
				30B6E9F72FD9A6FA006837A3 /* ViewController.swift */,
				30B6EA3D2FDAC314006837A3 /* RouteItem.swift */,
				30B6E9F02FD9A6FA006837A3 /* Assets.xcassets */,
				30B6E9F12FD9A6FA006837A3 /* Info.plist */,
				30B6E9F32FD9A6FA006837A3 /* LaunchScreen.storyboard */,
				30B6E9F52FD9A6FA006837A3 /* Main.storyboard */,
			);
			path = MappedInDemoApp;
			sourceTree = "<group>";
		};
/* End PBXGroup section */

/* Begin PBXNativeTarget section */
		30B6E9D62FD9A6E6006837A3 /* MappedInDemoApp */ = {
			isa = PBXNativeTarget;
			buildConfigurationList = 30B6E9EA2FD9A6EF006837A3 /* Build configuration list for PBXNativeTarget "MappedInDemoApp" */;
			buildPhases = (
				30B6E9D32FD9A6E6006837A3 /* Sources */,
				30B6E9D42FD9A6E6006837A3 /* Frameworks */,
				30B6E9D52FD9A6E6006837A3 /* Resources */,
			);
			buildRules = (
			);
			dependencies = (
			);
			name = MappedInDemoApp;
			packageProductDependencies = (
				30B6EA012FD9A717006837A3 /* Mappedin */,
			);
			productName = MappedInDemoApp;
			productReference = 30B6E9D72FD9A6E6006837A3 /* MappedInDemoApp.app */;
			productType = "com.apple.product-type.application";
		};
/* End PBXNativeTarget section */

/* Begin PBXProject section */
		30B6E9CF2FD9A6E6006837A3 /* Project object */ = {
			isa = PBXProject;
			attributes = {
				BuildIndependentTargetsInParallel = 1;
				LastSwiftUpdateCheck = 2640;
				LastUpgradeCheck = 2640;
				TargetAttributes = {
					30B6E9D62FD9A6E6006837A3 = {
						CreatedOnToolsVersion = 26.4;
					};
				};
			};
			buildConfigurationList = 30B6E9D22FD9A6E6006837A3 /* Build configuration list for PBXProject "MappedInDemoApp" */;
			developmentRegion = en;
			hasScannedForEncodings = 0;
			knownRegions = (
				en,
				Base,
			);
			mainGroup = 30B6E9CE2FD9A6E6006837A3;
			minimizedProjectReferenceProxies = 1;
			packageReferences = (
				30B6EA002FD9A717006837A3 /* XCRemoteSwiftPackageReference "ios" */,
			);
			preferredProjectObjectVersion = 77;
			productRefGroup = 30B6E9D82FD9A6E6006837A3 /* Products */;
			projectDirPath = "";
			projectRoot = "";
			targets = (
				30B6E9D62FD9A6E6006837A3 /* MappedInDemoApp */,
			);
		};
/* End PBXProject section */

/* Begin PBXResourcesBuildPhase section */
		30B6E9D52FD9A6E6006837A3 /* Resources */ = {
			isa = PBXResourcesBuildPhase;
			buildActionMask = 2147483647;
			files = (
				30B6E9FC2FD9A6FA006837A3 /* Assets.xcassets in Resources */,
				30B6E9FE2FD9A6FA006837A3 /* LaunchScreen.storyboard in Resources */,
				30B6E9FF2FD9A6FA006837A3 /* Main.storyboard in Resources */,
			);
			runOnlyForDeploymentPostprocessing = 0;
		};
/* End PBXResourcesBuildPhase section */

/* Begin PBXSourcesBuildPhase section */
		30B6E9D32FD9A6E6006837A3 /* Sources */ = {
			isa = PBXSourcesBuildPhase;
			buildActionMask = 2147483647;
			files = (
				30B6EA3E2FDAC314006837A3 /* RouteItem.swift in Sources */,
				30B6E9F92FD9A6FA006837A3 /* AppDelegate.swift in Sources */,
				30B6E9FA2FD9A6FA006837A3 /* SceneDelegate.swift in Sources */,
				30B6E9FB2FD9A6FA006837A3 /* ViewController.swift in Sources */,
			);
			runOnlyForDeploymentPostprocessing = 0;
		};
/* End PBXSourcesBuildPhase section */

/* Begin PBXVariantGroup section */
		30B6E9F32FD9A6FA006837A3 /* LaunchScreen.storyboard */ = {
			isa = PBXVariantGroup;
			children = (
				30B6E9F22FD9A6FA006837A3 /* Base */,
			);
			name = LaunchScreen.storyboard;
			sourceTree = "<group>";
		};
		30B6E9F52FD9A6FA006837A3 /* Main.storyboard */ = {
			isa = PBXVariantGroup;
			children = (
				30B6E9F42FD9A6FA006837A3 /* Base */,
			);
			name = Main.storyboard;
			sourceTree = "<group>";
		};
/* End PBXVariantGroup section */

/* Begin XCBuildConfiguration section */
		30B6E9EB2FD9A6EF006837A3 /* Debug */ = {
			isa = XCBuildConfiguration;
			buildSettings = {
				ASSETCATALOG_COMPILER_APPICON_NAME = AppIcon;
				ASSETCATALOG_COMPILER_GLOBAL_ACCENT_COLOR_NAME = AccentColor;
				CODE_SIGN_STYLE = Automatic;
				CURRENT_PROJECT_VERSION = 1;
				DEVELOPMENT_TEAM = C8A4L86UR7;
				GENERATE_INFOPLIST_FILE = YES;
				INFOPLIST_FILE = MappedInDemoApp/Info.plist;
				INFOPLIST_KEY_UIApplicationSupportsIndirectInputEvents = YES;
				INFOPLIST_KEY_UILaunchStoryboardName = LaunchScreen;
				INFOPLIST_KEY_UIMainStoryboardFile = Main;
				INFOPLIST_KEY_UISupportedInterfaceOrientations_iPad = "UIInterfaceOrientationPortrait UIInterfaceOrientationPortraitUpsideDown UIInterfaceOrientationLandscapeLeft UIInterfaceOrientationLandscapeRight";
				INFOPLIST_KEY_UISupportedInterfaceOrientations_iPhone = "UIInterfaceOrientationPortrait UIInterfaceOrientationLandscapeLeft UIInterfaceOrientationLandscapeRight";
				LD_RUNPATH_SEARCH_PATHS = (
					"$(inherited)",
					"@executable_path/Frameworks",
				);
				MARKETING_VERSION = 1.0;
				PRODUCT_BUNDLE_IDENTIFIER = test.app.io.MappedInDemoApp;
				PRODUCT_NAME = "$(TARGET_NAME)";
				STRING_CATALOG_GENERATE_SYMBOLS = YES;
				SWIFT_APPROACHABLE_CONCURRENCY = YES;
				SWIFT_DEFAULT_ACTOR_ISOLATION = MainActor;
				SWIFT_EMIT_LOC_STRINGS = YES;
				SWIFT_UPCOMING_FEATURE_MEMBER_IMPORT_VISIBILITY = YES;
				SWIFT_VERSION = 5.0;
				TARGETED_DEVICE_FAMILY = "1,2";
			};
			name = Debug;
		};
		30B6E9EC2FD9A6EF006837A3 /* Release */ = {
			isa = XCBuildConfiguration;
			buildSettings = {
				ASSETCATALOG_COMPILER_APPICON_NAME = AppIcon;
				ASSETCATALOG_COMPILER_GLOBAL_ACCENT_COLOR_NAME = AccentColor;
				CODE_SIGN_STYLE = Automatic;
				CURRENT_PROJECT_VERSION = 1;
				DEVELOPMENT_TEAM = C8A4L86UR7;
				GENERATE_INFOPLIST_FILE = YES;
				INFOPLIST_FILE = MappedInDemoApp/Info.plist;
				INFOPLIST_KEY_UIApplicationSupportsIndirectInputEvents = YES;
				INFOPLIST_KEY_UILaunchStoryboardName = LaunchScreen;
				INFOPLIST_KEY_UIMainStoryboardFile = Main;
				INFOPLIST_KEY_UISupportedInterfaceOrientations_iPad = "UIInterfaceOrientationPortrait UIInterfaceOrientationPortraitUpsideDown UIInterfaceOrientationLandscapeLeft UIInterfaceOrientationLandscapeRight";
				INFOPLIST_KEY_UISupportedInterfaceOrientations_iPhone = "UIInterfaceOrientationPortrait UIInterfaceOrientationLandscapeLeft UIInterfaceOrientationLandscapeRight";
				LD_RUNPATH_SEARCH_PATHS = (
					"$(inherited)",
					"@executable_path/Frameworks",
				);
				MARKETING_VERSION = 1.0;
				PRODUCT_BUNDLE_IDENTIFIER = test.app.io.MappedInDemoApp;
				PRODUCT_NAME = "$(TARGET_NAME)";
				STRING_CATALOG_GENERATE_SYMBOLS = YES;
				SWIFT_APPROACHABLE_CONCURRENCY = YES;
				SWIFT_DEFAULT_ACTOR_ISOLATION = MainActor;
				SWIFT_EMIT_LOC_STRINGS = YES;
				SWIFT_UPCOMING_FEATURE_MEMBER_IMPORT_VISIBILITY = YES;
				SWIFT_VERSION = 5.0;
				TARGETED_DEVICE_FAMILY = "1,2";
			};
			name = Release;
		};
		30B6E9ED2FD9A6EF006837A3 /* Debug */ = {
			isa = XCBuildConfiguration;
			buildSettings = {
				ALWAYS_SEARCH_USER_PATHS = NO;
				ASSETCATALOG_COMPILER_GENERATE_SWIFT_ASSET_SYMBOL_EXTENSIONS = YES;
				CLANG_ANALYZER_NONNULL = YES;
				CLANG_ANALYZER_NUMBER_OBJECT_CONVERSION = YES_AGGRESSIVE;
				CLANG_CXX_LANGUAGE_STANDARD = "gnu++20";
				CLANG_ENABLE_MODULES = YES;
				CLANG_ENABLE_OBJC_ARC = YES;
				CLANG_ENABLE_OBJC_WEAK = YES;
				CLANG_WARN_BLOCK_CAPTURE_AUTORELEASING = YES;
				CLANG_WARN_BOOL_CONVERSION = YES;
				CLANG_WARN_COMMA = YES;
				CLANG_WARN_CONSTANT_CONVERSION = YES;
				CLANG_WARN_DEPRECATED_OBJC_IMPLEMENTATIONS = YES;
				CLANG_WARN_DIRECT_OBJC_ISA_USAGE = YES_ERROR;
				CLANG_WARN_DOCUMENTATION_COMMENTS = YES;
				CLANG_WARN_EMPTY_BODY = YES;
				CLANG_WARN_ENUM_CONVERSION = YES;
				CLANG_WARN_INFINITE_RECURSION = YES;
				CLANG_WARN_INT_CONVERSION = YES;
				CLANG_WARN_NON_LITERAL_NULL_CONVERSION = YES;
				CLANG_WARN_OBJC_IMPLICIT_RETAIN_SELF = YES;
				CLANG_WARN_OBJC_LITERAL_CONVERSION = YES;
				CLANG_WARN_OBJC_ROOT_CLASS = YES_ERROR;
				CLANG_WARN_QUOTED_INCLUDE_IN_FRAMEWORK_HEADER = YES;
				CLANG_WARN_RANGE_LOOP_ANALYSIS = YES;
				CLANG_WARN_STRICT_PROTOTYPES = YES;
				CLANG_WARN_SUSPICIOUS_MOVE = YES;
				CLANG_WARN_UNGUARDED_AVAILABILITY = YES_AGGRESSIVE;
				CLANG_WARN_UNREACHABLE_CODE = YES;
				CLANG_WARN__DUPLICATE_METHOD_MATCH = YES;
				COPY_PHASE_STRIP = NO;
				DEBUG_INFORMATION_FORMAT = dwarf;
				DEVELOPMENT_TEAM = C8A4L86UR7;
				ENABLE_STRICT_OBJC_MSGSEND = YES;
				ENABLE_TESTABILITY = YES;
				ENABLE_USER_SCRIPT_SANDBOXING = YES;
				GCC_C_LANGUAGE_STANDARD = gnu17;
				GCC_DYNAMIC_NO_PIC = NO;
				GCC_NO_COMMON_BLOCKS = YES;
				GCC_OPTIMIZATION_LEVEL = 0;
				GCC_PREPROCESSOR_DEFINITIONS = (
					"DEBUG=1",
					"$(inherited)",
				);
				GCC_WARN_64_TO_32_BIT_CONVERSION = YES;
				GCC_WARN_ABOUT_RETURN_TYPE = YES_ERROR;
				GCC_WARN_UNDECLARED_SELECTOR = YES;
				GCC_WARN_UNINITIALIZED_AUTOS = YES_AGGRESSIVE;
				GCC_WARN_UNUSED_FUNCTION = YES;
				GCC_WARN_UNUSED_VARIABLE = YES;
				IPHONEOS_DEPLOYMENT_TARGET = 26.4;
				LOCALIZATION_PREFERS_STRING_CATALOGS = YES;
				MTL_ENABLE_DEBUG_INFO = INCLUDE_SOURCE;
				MTL_FAST_MATH = YES;
				ONLY_ACTIVE_ARCH = YES;
				SDKROOT = iphoneos;
				SWIFT_ACTIVE_COMPILATION_CONDITIONS = "DEBUG $(inherited)";
				SWIFT_OPTIMIZATION_LEVEL = "-Onone";
			};
			name = Debug;
		};
		30B6E9EE2FD9A6EF006837A3 /* Release */ = {
			isa = XCBuildConfiguration;
			buildSettings = {
				ALWAYS_SEARCH_USER_PATHS = NO;
				ASSETCATALOG_COMPILER_GENERATE_SWIFT_ASSET_SYMBOL_EXTENSIONS = YES;
				CLANG_ANALYZER_NONNULL = YES;
				CLANG_ANALYZER_NUMBER_OBJECT_CONVERSION = YES_AGGRESSIVE;
				CLANG_CXX_LANGUAGE_STANDARD = "gnu++20";
				CLANG_ENABLE_MODULES = YES;
				CLANG_ENABLE_OBJC_ARC = YES;
				CLANG_ENABLE_OBJC_WEAK = YES;
				CLANG_WARN_BLOCK_CAPTURE_AUTORELEASING = YES;
				CLANG_WARN_BOOL_CONVERSION = YES;
				CLANG_WARN_COMMA = YES;
				CLANG_WARN_CONSTANT_CONVERSION = YES;
				CLANG_WARN_DEPRECATED_OBJC_IMPLEMENTATIONS = YES;
				CLANG_WARN_DIRECT_OBJC_ISA_USAGE = YES_ERROR;
				CLANG_WARN_DOCUMENTATION_COMMENTS = YES;
				CLANG_WARN_EMPTY_BODY = YES;
				CLANG_WARN_ENUM_CONVERSION = YES;
				CLANG_WARN_INFINITE_RECURSION = YES;
				CLANG_WARN_INT_CONVERSION = YES;
				CLANG_WARN_NON_LITERAL_NULL_CONVERSION = YES;
				CLANG_WARN_OBJC_IMPLICIT_RETAIN_SELF = YES;
				CLANG_WARN_OBJC_LITERAL_CONVERSION = YES;
				CLANG_WARN_OBJC_ROOT_CLASS = YES_ERROR;
				CLANG_WARN_QUOTED_INCLUDE_IN_FRAMEWORK_HEADER = YES;
				CLANG_WARN_RANGE_LOOP_ANALYSIS = YES;
				CLANG_WARN_STRICT_PROTOTYPES = YES;
				CLANG_WARN_SUSPICIOUS_MOVE = YES;
				CLANG_WARN_UNGUARDED_AVAILABILITY = YES_AGGRESSIVE;
				CLANG_WARN_UNREACHABLE_CODE = YES;
				CLANG_WARN__DUPLICATE_METHOD_MATCH = YES;
				COPY_PHASE_STRIP = NO;
				DEBUG_INFORMATION_FORMAT = "dwarf-with-dsym";
				DEVELOPMENT_TEAM = C8A4L86UR7;
				ENABLE_NS_ASSERTIONS = NO;
				ENABLE_STRICT_OBJC_MSGSEND = YES;
				ENABLE_USER_SCRIPT_SANDBOXING = YES;
				GCC_C_LANGUAGE_STANDARD = gnu17;
				GCC_NO_COMMON_BLOCKS = YES;
				GCC_WARN_64_TO_32_BIT_CONVERSION = YES;
				GCC_WARN_ABOUT_RETURN_TYPE = YES_ERROR;
				GCC_WARN_UNDECLARED_SELECTOR = YES;
				GCC_WARN_UNINITIALIZED_AUTOS = YES_AGGRESSIVE;
				GCC_WARN_UNUSED_FUNCTION = YES;
				GCC_WARN_UNUSED_VARIABLE = YES;
				IPHONEOS_DEPLOYMENT_TARGET = 26.4;
				LOCALIZATION_PREFERS_STRING_CATALOGS = YES;
				MTL_ENABLE_DEBUG_INFO = NO;
				MTL_FAST_MATH = YES;
				SDKROOT = iphoneos;
				SWIFT_COMPILATION_MODE = wholemodule;
				VALIDATE_PRODUCT = YES;
			};
			name = Release;
		};
/* End XCBuildConfiguration section */

/* Begin XCConfigurationList section */
		30B6E9D22FD9A6E6006837A3 /* Build configuration list for PBXProject "MappedInDemoApp" */ = {
			isa = XCConfigurationList;
			buildConfigurations = (
				30B6E9ED2FD9A6EF006837A3 /* Debug */,
				30B6E9EE2FD9A6EF006837A3 /* Release */,
			);
			defaultConfigurationIsVisible = 0;
			defaultConfigurationName = Release;
		};
		30B6E9EA2FD9A6EF006837A3 /* Build configuration list for PBXNativeTarget "MappedInDemoApp" */ = {
			isa = XCConfigurationList;
			buildConfigurations = (
				30B6E9EB2FD9A6EF006837A3 /* Debug */,
				30B6E9EC2FD9A6EF006837A3 /* Release */,
			);
			defaultConfigurationIsVisible = 0;
			defaultConfigurationName = Release;
		};
/* End XCConfigurationList section */

/* Begin XCRemoteSwiftPackageReference section */
		30B6EA002FD9A717006837A3 /* XCRemoteSwiftPackageReference "ios" */ = {
			isa = XCRemoteSwiftPackageReference;
			repositoryURL = "https://github.com/MappedIn/ios.git";
			requirement = {
				kind = upToNextMajorVersion;
				minimumVersion = 6.4.0;
			};
		};
/* End XCRemoteSwiftPackageReference section */

/* Begin XCSwiftPackageProductDependency section */
		30B6EA012FD9A717006837A3 /* Mappedin */ = {
			isa = XCSwiftPackageProductDependency;
			package = 30B6EA002FD9A717006837A3 /* XCRemoteSwiftPackageReference "ios" */;
			productName = Mappedin;
		};
/* End XCSwiftPackageProductDependency section */
	};
	rootObject = 30B6E9CF2FD9A6E6006837A3 /* Project object */;
}
